<?xml version="1.0" encoding="UTF-8" standalone="yes" ?>
<CodeBlocks_project_file>
	<FileVersion major="1" minor="6" />
	<Project>
		<Option title="casa" />
		<Option execution_dir="D:/Software/Conceptos Desarrollo/Parquesoft/T3/Programación Orientada a Objetos/evidencia final/casa/" />
		<Option pch_mode="2" />
		<Option compiler="gcc" />
		<Build>
			<Target title="Debug">
				<Option output="bin/Debug/casa" prefix_auto="1" extension_auto="1" />
				<Option object_output="obj/Debug/" />
				<Option type="1" />
				<Option compiler="gcc" />
				<Compiler>
					<Add option="-g" />
				</Compiler>
			</Target>
			<Target title="Release">
				<Option output="bin/Release/casa" prefix_auto="1" extension_auto="1" />
				<Option object_output="obj/Release/" />
				<Option type="1" />
				<Option compiler="gcc" />
				<Compiler>
					<Add option="-O2" />
				</Compiler>
				<Linker>
					<Add option="-s" />
				</Linker>
			</Target>
		</Build>
		<Compiler>
			<Add option="-Wall" />
			<Add option="-fexceptions" />
		</Compiler>
		<Unit filename="bano.cpp" />
		<Unit filename="bano.h" />
		<Unit filename="cocina.cpp" />
		<Unit filename="cocina.h" />
		<Unit filename="cuarto.cpp" />
		<Unit filename="cuarto.h" />
		<Unit filename="dormitorio.cpp" />
		<Unit filename="dormitorio.h" />
		<Unit filename="estado.cpp" />
		<Unit filename="estado.h" />
		<Unit filename="keys.h" />
		<Unit filename="main.cpp" />
		<Unit filename="menu.cpp" />
		<Unit filename="menu.h" />
		<Unit filename="patio.cpp" />
		<Unit filename="patio.h" />
		<Unit filename="sala.cpp" />
		<Unit filename="sala.h" />
		<Unit filename="splitstring.h" />
		<Unit filename="tiempo.cpp" />
		<Unit filename="tiempo.h" />
		<Extensions>
			<lib_finder disable_auto="1" />
		</Extensions>
	</Project>
</CodeBlocks_project_file>
